
Microsoft Visual Studio Solution File, Format Version 12.00
# Visual Studio Version 17
VisualStudioVersion = 17.4.33213.308
MinimumVisualStudioVersion = 10.0.40219.1
Project("{FAE04EC0-301F-11D3-BF4B-00C04F79EFBC}") = "SmirnovaPR2", "SmirnovaPR2.csproj", "{ACB0A045-A10A-4501-9797-6321C3E032D0}"
EndProject
Global
	GlobalSection(SolutionConfigurationPlatforms) = preSolution
		Debug|Any CPU = Debug|Any CPU
		Release|Any CPU = Release|Any CPU
	EndGlobalSection
	GlobalSection(ProjectConfigurationPlatforms) = postSolution
		{ACB0A045-A10A-4501-9797-6321C3E032D0}.Debug|Any CPU.ActiveCfg = Debug|Any CPU
		{ACB0A045-A10A-4501-9797-6321C3E032D0}.Debug|Any CPU.Build.0 = Debug|Any CPU
		{ACB0A045-A10A-4501-9797-6321C3E032D0}.Release|Any CPU.ActiveCfg = Release|Any CPU
		{ACB0A045-A10A-4501-9797-6321C3E032D0}.Release|Any CPU.Build.0 = Release|Any CPU
	EndGlobalSection
	GlobalSection(SolutionProperties) = preSolution
		HideSolutionNode = FALSE
	EndGlobalSection
	GlobalSection(ExtensibilityGlobals) = postSolution
		SolutionGuid = {D52579D0-76E1-401C-85E6-5DEFEB4F2987}
	EndGlobalSection
EndGlobal
