
Microsoft Visual Studio Solution File, Format Version 12.00
# Visual Studio Version 17
VisualStudioVersion = 17.4.33213.308
MinimumVisualStudioVersion = 10.0.40219.1
Project("{FAE04EC0-301F-11D3-BF4B-00C04F79EFBC}") = "SmirnovaPR1", "SmirnovaPR1.csproj", "{26AB94D2-BFE7-4B26-B614-A115F393D10C}"
EndProject
Global
	GlobalSection(SolutionConfigurationPlatforms) = preSolution
		Debug|Any CPU = Debug|Any CPU
		Release|Any CPU = Release|Any CPU
	EndGlobalSection
	GlobalSection(ProjectConfigurationPlatforms) = postSolution
		{26AB94D2-BFE7-4B26-B614-A115F393D10C}.Debug|Any CPU.ActiveCfg = Debug|Any CPU
		{26AB94D2-BFE7-4B26-B614-A115F393D10C}.Debug|Any CPU.Build.0 = Debug|Any CPU
		{26AB94D2-BFE7-4B26-B614-A115F393D10C}.Release|Any CPU.ActiveCfg = Release|Any CPU
		{26AB94D2-BFE7-4B26-B614-A115F393D10C}.Release|Any CPU.Build.0 = Release|Any CPU
	EndGlobalSection
	GlobalSection(SolutionProperties) = preSolution
		HideSolutionNode = FALSE
	EndGlobalSection
	GlobalSection(ExtensibilityGlobals) = postSolution
		SolutionGuid = {15F486FA-C0C4-4356-8B2E-CF944FCD5DE5}
	EndGlobalSection
EndGlobal
