
Microsoft Visual Studio Solution File, Format Version 12.00
# Visual Studio Version 17
VisualStudioVersion = 17.5.33516.290
MinimumVisualStudioVersion = 10.0.40219.1
Project("{FAE04EC0-301F-11D3-BF4B-00C04F79EFBC}") = "SmirnovaPR5.1", "SmirnovaPR5.1.csproj", "{85908EB5-A898-44AA-BA36-123D34563DA1}"
EndProject
Project("{FAE04EC0-301F-11D3-BF4B-00C04F79EFBC}") = "DataAccess", "..\DataAccess\DataAccess.csproj", "{A535AE5C-AD39-4849-89FB-EFEA2B389975}"
EndProject
Project("{FAE04EC0-301F-11D3-BF4B-00C04F79EFBC}") = "BusinessLogic", "..\BusinessLogic\BusinessLogic.csproj", "{D3E5AB86-69E5-4C21-8BA9-77861FDCF006}"
EndProject
Global
	GlobalSection(SolutionConfigurationPlatforms) = preSolution
		Debug|Any CPU = Debug|Any CPU
		Release|Any CPU = Release|Any CPU
	EndGlobalSection
	GlobalSection(ProjectConfigurationPlatforms) = postSolution
		{85908EB5-A898-44AA-BA36-123D34563DA1}.Debug|Any CPU.ActiveCfg = Debug|Any CPU
		{85908EB5-A898-44AA-BA36-123D34563DA1}.Debug|Any CPU.Build.0 = Debug|Any CPU
		{85908EB5-A898-44AA-BA36-123D34563DA1}.Release|Any CPU.ActiveCfg = Release|Any CPU
		{85908EB5-A898-44AA-BA36-123D34563DA1}.Release|Any CPU.Build.0 = Release|Any CPU
		{A535AE5C-AD39-4849-89FB-EFEA2B389975}.Debug|Any CPU.ActiveCfg = Debug|Any CPU
		{A535AE5C-AD39-4849-89FB-EFEA2B389975}.Debug|Any CPU.Build.0 = Debug|Any CPU
		{A535AE5C-AD39-4849-89FB-EFEA2B389975}.Release|Any CPU.ActiveCfg = Release|Any CPU
		{A535AE5C-AD39-4849-89FB-EFEA2B389975}.Release|Any CPU.Build.0 = Release|Any CPU
		{D3E5AB86-69E5-4C21-8BA9-77861FDCF006}.Debug|Any CPU.ActiveCfg = Debug|Any CPU
		{D3E5AB86-69E5-4C21-8BA9-77861FDCF006}.Debug|Any CPU.Build.0 = Debug|Any CPU
		{D3E5AB86-69E5-4C21-8BA9-77861FDCF006}.Release|Any CPU.ActiveCfg = Release|Any CPU
		{D3E5AB86-69E5-4C21-8BA9-77861FDCF006}.Release|Any CPU.Build.0 = Release|Any CPU
	EndGlobalSection
	GlobalSection(SolutionProperties) = preSolution
		HideSolutionNode = FALSE
	EndGlobalSection
	GlobalSection(ExtensibilityGlobals) = postSolution
		SolutionGuid = {D76C0161-AC13-469C-8505-D298F9CD6DA9}
	EndGlobalSection
EndGlobal
